# This file is automatically @generated by Cargo.
# It is not intended for manual editing.
version = 3

[[package]]
name = "anyhow"
version = "1.0.86"
source = "registry+https://github.com/rust-lang/crates.io-index"
checksum = "ffe2b66a199baa3237bb27242401a332bcc62d8ba7c28e2ce5c41ab08d5680ee"

[[package]]
name = "libc"
version = "0.2.155"
source = "registry+https://github.com/rust-lang/crates.io-index"
checksum = "9f1ec240988ac62a805170adecfd84223dbfff7ab7ff5432386e2d5efedfa568"

[[package]]
name = "serde"
version = "1.0.203"
source = "registry+https://github.com/rust-lang/crates.io-index"
checksum = "db469a0014b1673ebdcf1c09ac82afadf1e661cbe1928e3239e70c4147fdb1db"
dependencies = [
 "serde_derive",
]

[[package]]
name = "serde_derive"
version = "1.0.203"
source = "registry+https://github.com/rust-lang/crates.io-index"
checksum = "2515fde40d1e1e84764071a3379669ec3fe1a9ef4fb733c8c9ae7a03a248c44d"
