# THIS IS AN AUTOGENERATED FILE. DO NOT EDIT THIS FILE DIRECTLY.
# yarn lockfile v1


"@babel/runtime@^7.24.0":
  version "7.24.5"
  resolved "https://registry.yarnpkg.com/@babel/runtime/-/runtime-7.24.5.tgz#78349281ae69b416403789cf3683545e7285a055"
  integrity sha512-nt8FS5QkA6hjmD7YlD2cUTck6Ip/Fyza6SBdlQoXZclsrNYFKI+7Ctz2h9HaaSDoodLR+FYaY1WDRWdhb/Qo1Q==
  dependencies:
    regenerator-runtime "^0.14.0"

debug@^4.3.4:
  version "4.3.4"
  resolved "https://registry.yarnpkg.com/debug/-/debug-4.3.4.tgz#5bcb1be43d437dfaa2dd2062f305b9c6d8045e43"
  integrity sha512-9pwV1fqiIpcz32mThJdQe//GhHN43hYtdW2hvOFt55tl4cDkSzp3mCjWnQe4iqiDbIgNQamp9S8ywXscObeXpg==
  dependencies:
    ms "2.1.2"

ms@2.1.2:
  version "2.1.2"
  resolved "https://registry.yarnpkg.com/ms/-/ms-2.1.2.tgz#e29db1a7d4c1eb9e7543e9cf1297e60833acaeec"
  integrity sha512-qafLZsoO+Yb0b2QvbNE0ECpVuFgLFmbhw9838UoB/6WskSvsbvJaQaT9r9pbaRUMxy1m1iPWVhFquS1J9maqig==

regenerator-runtime@^0.14.0:
  version "0.14.1"
  resolved "https://registry.yarnpkg.com/regenerator-runtime/-/regenerator-runtime-0.14.1.tgz#34f3e0f81ef91e9a39eecc5dedda1f6cee845061"
  integrity sha512-TnJD6bW0m0glyUY+ffMpwMB12zZUY/58gvetYKu7AnnTkdVpmSWqkhG7JSddBpKZXWzxGzCC1EDZCS7EYxQ9bQ==
